
Microsoft Visual Studio Solution File, Format Version 12.00
# Visual Studio 2012
Project("{FAE04EC0-301F-11D3-BF4B-00C04F79EFBC}") = "Xvolt.Web", "Xvolt.Web\Xvolt.Web.csproj", "{C6EE666F-8C78-47E4-A305-6CABE7BEA49D}"
EndProject
Project("{2150E333-8FDC-42A3-9474-1A3956D46DE8}") = "Tests", "Tests", "{2AA9A507-F723-4E9A-A37C-9796A4681A29}"
EndProject
Project("{FAE04EC0-301F-11D3-BF4B-00C04F79EFBC}") = "Xvolt.Tests.UnitTests", "Tests\Xvolt.Tests.UnitTests\Xvolt.Tests.UnitTests.csproj", "{B978AD9F-2733-4ADC-B5FC-564DE32A5EC3}"
EndProject
Project("{FAE04EC0-301F-11D3-BF4B-00C04F79EFBC}") = "Xvolt.Tests.IntegrationTests", "Tests\Xvolt.Tests.IntegrationTests\Xvolt.Tests.IntegrationTests.csproj", "{4E66E0ED-289D-4C70-B952-9EAEF91F40BE}"
EndProject
Project("{FAE04EC0-301F-11D3-BF4B-00C04F79EFBC}") = "Xvolt.Tests.AcceptanceTests", "Tests\Xvolt.Tests.AcceptanceTests\Xvolt.Tests.AcceptanceTests.csproj", "{1946D994-D3DB-4803-A4F0-E564570280E7}"
EndProject
Project("{FAE04EC0-301F-11D3-BF4B-00C04F79EFBC}") = "Xvolt.Domain", "Xvolt.Domain\Xvolt.Domain.csproj", "{30ADB576-D12E-47D2-8058-57332487DA24}"
EndProject
Project("{FAE04EC0-301F-11D3-BF4B-00C04F79EFBC}") = "Xvolt.Domain.Data", "Xvolt.Domain.Data\Xvolt.Domain.Data.csproj", "{56DAC7AF-7912-495C-A842-B0AAFBC81C2A}"
EndProject
Global
	GlobalSection(SolutionConfigurationPlatforms) = preSolution
		Debug|Any CPU = Debug|Any CPU
		Release|Any CPU = Release|Any CPU
	EndGlobalSection
	GlobalSection(ProjectConfigurationPlatforms) = postSolution
		{C6EE666F-8C78-47E4-A305-6CABE7BEA49D}.Debug|Any CPU.ActiveCfg = Debug|Any CPU
		{C6EE666F-8C78-47E4-A305-6CABE7BEA49D}.Debug|Any CPU.Build.0 = Debug|Any CPU
		{C6EE666F-8C78-47E4-A305-6CABE7BEA49D}.Release|Any CPU.ActiveCfg = Release|Any CPU
		{C6EE666F-8C78-47E4-A305-6CABE7BEA49D}.Release|Any CPU.Build.0 = Release|Any CPU
		{B978AD9F-2733-4ADC-B5FC-564DE32A5EC3}.Debug|Any CPU.ActiveCfg = Debug|Any CPU
		{B978AD9F-2733-4ADC-B5FC-564DE32A5EC3}.Debug|Any CPU.Build.0 = Debug|Any CPU
		{B978AD9F-2733-4ADC-B5FC-564DE32A5EC3}.Release|Any CPU.ActiveCfg = Release|Any CPU
		{B978AD9F-2733-4ADC-B5FC-564DE32A5EC3}.Release|Any CPU.Build.0 = Release|Any CPU
		{4E66E0ED-289D-4C70-B952-9EAEF91F40BE}.Debug|Any CPU.ActiveCfg = Debug|Any CPU
		{4E66E0ED-289D-4C70-B952-9EAEF91F40BE}.Debug|Any CPU.Build.0 = Debug|Any CPU
		{4E66E0ED-289D-4C70-B952-9EAEF91F40BE}.Release|Any CPU.ActiveCfg = Release|Any CPU
		{4E66E0ED-289D-4C70-B952-9EAEF91F40BE}.Release|Any CPU.Build.0 = Release|Any CPU
		{1946D994-D3DB-4803-A4F0-E564570280E7}.Debug|Any CPU.ActiveCfg = Debug|Any CPU
		{1946D994-D3DB-4803-A4F0-E564570280E7}.Debug|Any CPU.Build.0 = Debug|Any CPU
		{1946D994-D3DB-4803-A4F0-E564570280E7}.Release|Any CPU.ActiveCfg = Release|Any CPU
		{1946D994-D3DB-4803-A4F0-E564570280E7}.Release|Any CPU.Build.0 = Release|Any CPU
		{30ADB576-D12E-47D2-8058-57332487DA24}.Debug|Any CPU.ActiveCfg = Debug|Any CPU
		{30ADB576-D12E-47D2-8058-57332487DA24}.Debug|Any CPU.Build.0 = Debug|Any CPU
		{30ADB576-D12E-47D2-8058-57332487DA24}.Release|Any CPU.ActiveCfg = Release|Any CPU
		{30ADB576-D12E-47D2-8058-57332487DA24}.Release|Any CPU.Build.0 = Release|Any CPU
		{56DAC7AF-7912-495C-A842-B0AAFBC81C2A}.Debug|Any CPU.ActiveCfg = Debug|Any CPU
		{56DAC7AF-7912-495C-A842-B0AAFBC81C2A}.Debug|Any CPU.Build.0 = Debug|Any CPU
		{56DAC7AF-7912-495C-A842-B0AAFBC81C2A}.Release|Any CPU.ActiveCfg = Release|Any CPU
		{56DAC7AF-7912-495C-A842-B0AAFBC81C2A}.Release|Any CPU.Build.0 = Release|Any CPU
	EndGlobalSection
	GlobalSection(SolutionProperties) = preSolution
		HideSolutionNode = FALSE
	EndGlobalSection
	GlobalSection(NestedProjects) = preSolution
		{B978AD9F-2733-4ADC-B5FC-564DE32A5EC3} = {2AA9A507-F723-4E9A-A37C-9796A4681A29}
		{4E66E0ED-289D-4C70-B952-9EAEF91F40BE} = {2AA9A507-F723-4E9A-A37C-9796A4681A29}
		{1946D994-D3DB-4803-A4F0-E564570280E7} = {2AA9A507-F723-4E9A-A37C-9796A4681A29}
	EndGlobalSection
EndGlobal
